
Microsoft Visual Studio Solution File, Format Version 12.00
# Visual Studio Version 17
VisualStudioVersion = 17.8.34408.163
MinimumVisualStudioVersion = 10.0.40219.1
Project("{FAE04EC0-301F-11D3-BF4B-00C04F79EFBC}") = "sql-server-authentication", "sql-server-authentication\sql-server-authentication.csproj", "{1850B67A-31D6-CFD6-4305-885419AA278C}"
EndProject
Project("{FAE04EC0-301F-11D3-BF4B-00C04F79EFBC}") = "ado.net", "ado.net\ado.net.csproj", "{30EA6692-550D-4EEF-A327-32E74CE70D90}"
EndProject
Project("{FAE04EC0-301F-11D3-BF4B-00C04F79EFBC}") = "entity-framework", "entity-framework\entity-framework.csproj", "{640C5C0B-8665-4C67-A2C3-2793534B7F18}"
EndProject
Project("{FAE04EC0-301F-11D3-BF4B-00C04F79EFBC}") = "toolbox", "toolbox\toolbox.csproj", "{BC6BBC36-9CCF-4269-9A22-FABDC59E0FB5}"
EndProject
Project("{2150E333-8FDC-42A3-9474-1A3956D46DE8}") = "Solution Items", "Solution Items", "{8EC462FD-D22E-90A8-E5CE-7E832BA40C5D}"
	ProjectSection(SolutionItems) = preProject
		.gitignore = .gitignore
		git-commands.txt = git-commands.txt
		mycompany-raw.sql = mycompany-raw.sql
		mycompany.sql = mycompany.sql
		README.md = README.md
		shell-commands.txt = shell-commands.txt
	EndProjectSection
EndProject
Project("{FAE04EC0-301F-11D3-BF4B-00C04F79EFBC}") = "dapper-orm", "dapper-orm\dapper-orm.csproj", "{2A1907AA-B4F4-49CC-90D3-89CC64330DC5}"
EndProject
Project("{FAE04EC0-301F-11D3-BF4B-00C04F79EFBC}") = "rabbitmq-publisher", "rabbitmq-publisher\rabbitmq-publisher.csproj", "{E7885B6C-23DD-403C-81B3-30D9BA4E8759}"
EndProject
Project("{FAE04EC0-301F-11D3-BF4B-00C04F79EFBC}") = "rabbitmq-receiver", "rabbitmq-receiver\rabbitmq-receiver.csproj", "{0AA3A58A-E79C-4220-8B9A-9568E74B199C}"
EndProject
Project("{FAE04EC0-301F-11D3-BF4B-00C04F79EFBC}") = "background-jobs", "background-jobs\background-jobs.csproj", "{779FFB32-09F3-4440-BC8D-E5767050583F}"
EndProject
Project("{F2A71F9B-5D33-465A-A702-920D77279786}") = "fsharpbasics", "fsharpbasics\fsharpbasics.fsproj", "{1DB30142-42B9-A83F-0769-569F18890606}"
EndProject
Project("{FAE04EC0-301F-11D3-BF4B-00C04F79EFBC}") = "aws-core-services", "aws-core-services\aws-core-services.csproj", "{DD61A113-7B58-4FE5-B7C0-6CAADCE373B9}"
EndProject
Project("{FAE04EC0-301F-11D3-BF4B-00C04F79EFBC}") = "data-structures-overview", "data-structures-overview\data-structures-overview.csproj", "{0DE6EAFA-FC8B-CBD8-06B1-E1463A563C68}"
EndProject
Project("{FAE04EC0-301F-11D3-BF4B-00C04F79EFBC}") = "algorithms-overview", "algorithms-overview\algorithms-overview.csproj", "{536235AC-F7D6-4805-A278-7E5C37A78357}"
EndProject
Project("{FAE04EC0-301F-11D3-BF4B-00C04F79EFBC}") = "encryption-decryption", "encryption-decryption\encryption-decryption.csproj", "{69FF60E9-F2B6-43FC-B380-D3F3281EB063}"
EndProject
Project("{FAE04EC0-301F-11D3-BF4B-00C04F79EFBC}") = "csharp-xunit", "csharp-xunit\csharp-xunit.csproj", "{D8340AD2-7C7D-40C7-8D74-C64E18B5F5DD}"
EndProject
Project("{F2A71F9B-5D33-465A-A702-920D77279786}") = "fsharp-xunit", "fsharp-xunit\fsharp-xunit.fsproj", "{46C29668-FD5D-4A66-B43E-C365A90DF108}"
EndProject
Project("{FAE04EC0-301F-11D3-BF4B-00C04F79EFBC}") = "caching", "caching\caching.csproj", "{CFCEF95D-8B05-4246-813C-4D9B7DDF4478}"
EndProject
Project("{FAE04EC0-301F-11D3-BF4B-00C04F79EFBC}") = "core-rest-api", "core-rest-api\core-rest-api.csproj", "{D3EC007E-1F51-4306-B3C8-96951A899A03}"
EndProject
Project("{FAE04EC0-301F-11D3-BF4B-00C04F79EFBC}") = "graphql-api", "graphql-api\graphql-api.csproj", "{E1992285-EE0E-473B-909B-7569CC4A3556}"
EndProject
Global
	GlobalSection(SolutionConfigurationPlatforms) = preSolution
		Debug|Any CPU = Debug|Any CPU
		Release|Any CPU = Release|Any CPU
	EndGlobalSection
	GlobalSection(ProjectConfigurationPlatforms) = postSolution
		{1850B67A-31D6-CFD6-4305-885419AA278C}.Debug|Any CPU.ActiveCfg = Debug|Any CPU
		{1850B67A-31D6-CFD6-4305-885419AA278C}.Debug|Any CPU.Build.0 = Debug|Any CPU
		{1850B67A-31D6-CFD6-4305-885419AA278C}.Release|Any CPU.ActiveCfg = Release|Any CPU
		{1850B67A-31D6-CFD6-4305-885419AA278C}.Release|Any CPU.Build.0 = Release|Any CPU
		{30EA6692-550D-4EEF-A327-32E74CE70D90}.Debug|Any CPU.ActiveCfg = Debug|Any CPU
		{30EA6692-550D-4EEF-A327-32E74CE70D90}.Debug|Any CPU.Build.0 = Debug|Any CPU
		{30EA6692-550D-4EEF-A327-32E74CE70D90}.Release|Any CPU.ActiveCfg = Release|Any CPU
		{30EA6692-550D-4EEF-A327-32E74CE70D90}.Release|Any CPU.Build.0 = Release|Any CPU
		{640C5C0B-8665-4C67-A2C3-2793534B7F18}.Debug|Any CPU.ActiveCfg = Debug|Any CPU
		{640C5C0B-8665-4C67-A2C3-2793534B7F18}.Debug|Any CPU.Build.0 = Debug|Any CPU
		{640C5C0B-8665-4C67-A2C3-2793534B7F18}.Release|Any CPU.ActiveCfg = Release|Any CPU
		{640C5C0B-8665-4C67-A2C3-2793534B7F18}.Release|Any CPU.Build.0 = Release|Any CPU
		{BC6BBC36-9CCF-4269-9A22-FABDC59E0FB5}.Debug|Any CPU.ActiveCfg = Debug|Any CPU
		{BC6BBC36-9CCF-4269-9A22-FABDC59E0FB5}.Debug|Any CPU.Build.0 = Debug|Any CPU
		{BC6BBC36-9CCF-4269-9A22-FABDC59E0FB5}.Release|Any CPU.ActiveCfg = Release|Any CPU
		{BC6BBC36-9CCF-4269-9A22-FABDC59E0FB5}.Release|Any CPU.Build.0 = Release|Any CPU
		{2A1907AA-B4F4-49CC-90D3-89CC64330DC5}.Debug|Any CPU.ActiveCfg = Debug|Any CPU
		{2A1907AA-B4F4-49CC-90D3-89CC64330DC5}.Debug|Any CPU.Build.0 = Debug|Any CPU
		{2A1907AA-B4F4-49CC-90D3-89CC64330DC5}.Release|Any CPU.ActiveCfg = Release|Any CPU
		{2A1907AA-B4F4-49CC-90D3-89CC64330DC5}.Release|Any CPU.Build.0 = Release|Any CPU
		{E7885B6C-23DD-403C-81B3-30D9BA4E8759}.Debug|Any CPU.ActiveCfg = Debug|Any CPU
		{E7885B6C-23DD-403C-81B3-30D9BA4E8759}.Debug|Any CPU.Build.0 = Debug|Any CPU
		{E7885B6C-23DD-403C-81B3-30D9BA4E8759}.Release|Any CPU.ActiveCfg = Release|Any CPU
		{E7885B6C-23DD-403C-81B3-30D9BA4E8759}.Release|Any CPU.Build.0 = Release|Any CPU
		{0AA3A58A-E79C-4220-8B9A-9568E74B199C}.Debug|Any CPU.ActiveCfg = Debug|Any CPU
		{0AA3A58A-E79C-4220-8B9A-9568E74B199C}.Debug|Any CPU.Build.0 = Debug|Any CPU
		{0AA3A58A-E79C-4220-8B9A-9568E74B199C}.Release|Any CPU.ActiveCfg = Release|Any CPU
		{0AA3A58A-E79C-4220-8B9A-9568E74B199C}.Release|Any CPU.Build.0 = Release|Any CPU
		{779FFB32-09F3-4440-BC8D-E5767050583F}.Debug|Any CPU.ActiveCfg = Debug|Any CPU
		{779FFB32-09F3-4440-BC8D-E5767050583F}.Debug|Any CPU.Build.0 = Debug|Any CPU
		{779FFB32-09F3-4440-BC8D-E5767050583F}.Release|Any CPU.ActiveCfg = Release|Any CPU
		{779FFB32-09F3-4440-BC8D-E5767050583F}.Release|Any CPU.Build.0 = Release|Any CPU
		{1DB30142-42B9-A83F-0769-569F18890606}.Debug|Any CPU.ActiveCfg = Debug|Any CPU
		{1DB30142-42B9-A83F-0769-569F18890606}.Debug|Any CPU.Build.0 = Debug|Any CPU
		{1DB30142-42B9-A83F-0769-569F18890606}.Release|Any CPU.ActiveCfg = Release|Any CPU
		{1DB30142-42B9-A83F-0769-569F18890606}.Release|Any CPU.Build.0 = Release|Any CPU
		{DD61A113-7B58-4FE5-B7C0-6CAADCE373B9}.Debug|Any CPU.ActiveCfg = Debug|Any CPU
		{DD61A113-7B58-4FE5-B7C0-6CAADCE373B9}.Debug|Any CPU.Build.0 = Debug|Any CPU
		{DD61A113-7B58-4FE5-B7C0-6CAADCE373B9}.Release|Any CPU.ActiveCfg = Release|Any CPU
		{DD61A113-7B58-4FE5-B7C0-6CAADCE373B9}.Release|Any CPU.Build.0 = Release|Any CPU
		{0DE6EAFA-FC8B-CBD8-06B1-E1463A563C68}.Debug|Any CPU.ActiveCfg = Debug|Any CPU
		{0DE6EAFA-FC8B-CBD8-06B1-E1463A563C68}.Debug|Any CPU.Build.0 = Debug|Any CPU
		{0DE6EAFA-FC8B-CBD8-06B1-E1463A563C68}.Release|Any CPU.ActiveCfg = Release|Any CPU
		{0DE6EAFA-FC8B-CBD8-06B1-E1463A563C68}.Release|Any CPU.Build.0 = Release|Any CPU
		{536235AC-F7D6-4805-A278-7E5C37A78357}.Debug|Any CPU.ActiveCfg = Debug|Any CPU
		{536235AC-F7D6-4805-A278-7E5C37A78357}.Debug|Any CPU.Build.0 = Debug|Any CPU
		{536235AC-F7D6-4805-A278-7E5C37A78357}.Release|Any CPU.ActiveCfg = Release|Any CPU
		{536235AC-F7D6-4805-A278-7E5C37A78357}.Release|Any CPU.Build.0 = Release|Any CPU
		{69FF60E9-F2B6-43FC-B380-D3F3281EB063}.Debug|Any CPU.ActiveCfg = Debug|Any CPU
		{69FF60E9-F2B6-43FC-B380-D3F3281EB063}.Debug|Any CPU.Build.0 = Debug|Any CPU
		{69FF60E9-F2B6-43FC-B380-D3F3281EB063}.Release|Any CPU.ActiveCfg = Release|Any CPU
		{69FF60E9-F2B6-43FC-B380-D3F3281EB063}.Release|Any CPU.Build.0 = Release|Any CPU
		{D8340AD2-7C7D-40C7-8D74-C64E18B5F5DD}.Debug|Any CPU.ActiveCfg = Debug|Any CPU
		{D8340AD2-7C7D-40C7-8D74-C64E18B5F5DD}.Debug|Any CPU.Build.0 = Debug|Any CPU
		{D8340AD2-7C7D-40C7-8D74-C64E18B5F5DD}.Release|Any CPU.ActiveCfg = Release|Any CPU
		{D8340AD2-7C7D-40C7-8D74-C64E18B5F5DD}.Release|Any CPU.Build.0 = Release|Any CPU
		{46C29668-FD5D-4A66-B43E-C365A90DF108}.Debug|Any CPU.ActiveCfg = Debug|Any CPU
		{46C29668-FD5D-4A66-B43E-C365A90DF108}.Debug|Any CPU.Build.0 = Debug|Any CPU
		{46C29668-FD5D-4A66-B43E-C365A90DF108}.Release|Any CPU.ActiveCfg = Release|Any CPU
		{46C29668-FD5D-4A66-B43E-C365A90DF108}.Release|Any CPU.Build.0 = Release|Any CPU
		{CFCEF95D-8B05-4246-813C-4D9B7DDF4478}.Debug|Any CPU.ActiveCfg = Debug|Any CPU
		{CFCEF95D-8B05-4246-813C-4D9B7DDF4478}.Debug|Any CPU.Build.0 = Debug|Any CPU
		{CFCEF95D-8B05-4246-813C-4D9B7DDF4478}.Release|Any CPU.ActiveCfg = Release|Any CPU
		{CFCEF95D-8B05-4246-813C-4D9B7DDF4478}.Release|Any CPU.Build.0 = Release|Any CPU
		{D3EC007E-1F51-4306-B3C8-96951A899A03}.Debug|Any CPU.ActiveCfg = Debug|Any CPU
		{D3EC007E-1F51-4306-B3C8-96951A899A03}.Debug|Any CPU.Build.0 = Debug|Any CPU
		{D3EC007E-1F51-4306-B3C8-96951A899A03}.Release|Any CPU.ActiveCfg = Release|Any CPU
		{D3EC007E-1F51-4306-B3C8-96951A899A03}.Release|Any CPU.Build.0 = Release|Any CPU
		{E1992285-EE0E-473B-909B-7569CC4A3556}.Debug|Any CPU.ActiveCfg = Debug|Any CPU
		{E1992285-EE0E-473B-909B-7569CC4A3556}.Debug|Any CPU.Build.0 = Debug|Any CPU
		{E1992285-EE0E-473B-909B-7569CC4A3556}.Release|Any CPU.ActiveCfg = Release|Any CPU
		{E1992285-EE0E-473B-909B-7569CC4A3556}.Release|Any CPU.Build.0 = Release|Any CPU
	EndGlobalSection
	GlobalSection(SolutionProperties) = preSolution
		HideSolutionNode = FALSE
	EndGlobalSection
	GlobalSection(ExtensibilityGlobals) = postSolution
		SolutionGuid = {9BE3DBCD-9136-443B-BE4B-CB4C96214971}
	EndGlobalSection
EndGlobal
